dependencies:
  idf:
    source:
      type: idf
    version: 5.5.0
  pedrominatel/shtc3:
    component_hash: d828bf55bbfddc3ecaa0bf58cd14f900f0452f5e09d328c9131f6cb1c5971e79
    dependencies:
    - name: idf
      require: private
      version: '>=5.3'
    source:
      registry_url: https://components.espressif.com/
      type: service
    targets:
    - esp32
    - esp32s2
    - esp32s3
    - esp32c3
    - esp32c2
    - esp32c6
    - esp32h2
    - esp32p4
    version: 1.2.0
direct_dependencies:
- idf
- pedrominatel/shtc3
manifest_hash: 0c5c7bbb8fb802379945376dc996e51a2a30cf7f45407ae18427547d2b3ac901
target: esp32c3
version: 2.0.0
